
Microsoft Visual Studio Solution File, Format Version 12.00
# Visual Studio Version 16
VisualStudioVersion = 16.0.30204.135
MinimumVisualStudioVersion = 10.0.40219.1
Project("{FAE04EC0-301F-11D3-BF4B-00C04F79EFBC}") = "Robot simulator", "Robot simulator\Robot simulator.csproj", "{31EB73B6-BDE9-4C26-816F-DB231E00FE76}"
EndProject
Global
	GlobalSection(SolutionConfigurationPlatforms) = preSolution
		Debug|Any CPU = Debug|Any CPU
		Release|Any CPU = Release|Any CPU
	EndGlobalSection
	GlobalSection(ProjectConfigurationPlatforms) = postSolution
		{31EB73B6-BDE9-4C26-816F-DB231E00FE76}.Debug|Any CPU.ActiveCfg = Debug|Any CPU
		{31EB73B6-BDE9-4C26-816F-DB231E00FE76}.Debug|Any CPU.Build.0 = Debug|Any CPU
		{31EB73B6-BDE9-4C26-816F-DB231E00FE76}.Release|Any CPU.ActiveCfg = Release|Any CPU
		{31EB73B6-BDE9-4C26-816F-DB231E00FE76}.Release|Any CPU.Build.0 = Release|Any CPU
	EndGlobalSection
	GlobalSection(SolutionProperties) = preSolution
		HideSolutionNode = FALSE
	EndGlobalSection
	GlobalSection(ExtensibilityGlobals) = postSolution
		SolutionGuid = {4516DBA9-089B-4527-8657-AAB60FBFF2B5}
	EndGlobalSection
EndGlobal
